{
  "name": "temple-importer",
  "version": "1.0.0",
  "lockfileVersion": 3,
  "requires": true,
  "packages": {
    "": {
      "name": "temple-importer",
      "version": "1.0.0",
      "dependencies": {
        "@google/generative-ai": "^0.24.1",
        "@supabase/supabase-js": "^2.45.4",
        "dotenv": "^16.4.5",
        "got": "^14.4.8",
        "p-limit": "^7.1.1",
        "resend": "^6.0.2",
        "slugify": "^1.6.6"
      }
    },
    "node_modules/@google/generative-ai": {
      "version": "0.24.1",
      "resolved": "https://registry.npmjs.org/@google/generative-ai/-/generative-ai-0.24.1.tgz",
      "integrity": "sha512-MqO+MLfM6kjxcKoy0p1wRzG3b4ZZXtPI+z2IE26UogS2Cm/XHO+7gGRBh6gcJsOiIVoH93UwKvW4HdgiOZCy9Q==",
      "license": "Apache-2.0",
      "engines": {
        "node": ">=18.0.0"
      }
    },
    "node_modules/@sec-ant/readable-stream": {
      "version": "0.4.1",
      "resolved": "https://registry.npmjs.org/@sec-ant/readable-stream/-/readable-stream-0.4.1.tgz",
      "integrity": "sha512-831qok9r2t8AlxLko40y2ebgSDhenenCatLVeW/uBtnHPyhHOvG0C7TvfgecV+wHzIm5KUICgzmVpWS+IMEAeg==",
      "license": "MIT"
    },
    "node_modules/@sindresorhus/is": {
      "version": "7.0.2",
      "resolved": "https://registry.npmjs.org/@sindresorhus/is/-/is-7.0.2.tgz",
      "integrity": "sha512-d9xRovfKNz1SKieM0qJdO+PQonjnnIfSNWfHYnBSJ9hkjm0ZPw6HlxscDXYstp3z+7V2GOFHc+J0CYrYTjqCJw==",
      "license": "MIT",
      "engines": {
        "node": ">=18"
      },
      "funding": {
        "url": "https://github.com/sindresorhus/is?sponsor=1"
      }
    },
    "node_modules/@supabase/auth-js": {
      "version": "2.71.1",
      "resolved": "https://registry.npmjs.org/@supabase/auth-js/-/auth-js-2.71.1.tgz",
      "integrity": "sha512-mMIQHBRc+SKpZFRB2qtupuzulaUhFYupNyxqDj5Jp/LyPvcWvjaJzZzObv6URtL/O6lPxkanASnotGtNpS3H2Q==",
      "license": "MIT",
      "dependencies": {
        "@supabase/node-fetch": "^2.6.14"
      }
    },
    "node_modules/@supabase/functions-js": {
      "version": "2.4.5",
      "resolved": "https://registry.npmjs.org/@supabase/functions-js/-/functions-js-2.4.5.tgz",
      "integrity": "sha512-v5GSqb9zbosquTo6gBwIiq7W9eQ7rE5QazsK/ezNiQXdCbY+bH8D9qEaBIkhVvX4ZRW5rP03gEfw5yw9tiq4EQ==",
      "license": "MIT",
      "dependencies": {
        "@supabase/node-fetch": "^2.6.14"
      }
    },
    "node_modules/@supabase/node-fetch": {
      "version": "2.6.15",
      "resolved": "https://registry.npmjs.org/@supabase/node-fetch/-/node-fetch-2.6.15.tgz",
      "integrity": "sha512-1ibVeYUacxWYi9i0cf5efil6adJ9WRyZBLivgjs+AUpewx1F3xPi7gLgaASI2SmIQxPoCEjAsLAzKPgMJVgOUQ==",
      "license": "MIT",
      "dependencies": {
        "whatwg-url": "^5.0.0"
      },
      "engines": {
        "node": "4.x || >=6.0.0"
      }
    },
    "node_modules/@supabase/postgrest-js": {
      "version": "1.21.3",
      "resolved": "https://registry.npmjs.org/@supabase/postgrest-js/-/postgrest-js-1.21.3.tgz",
      "integrity": "sha512-rg3DmmZQKEVCreXq6Am29hMVe1CzemXyIWVYyyua69y6XubfP+DzGfLxME/1uvdgwqdoaPbtjBDpEBhqxq1ZwA==",
      "license": "MIT",
      "dependencies": {
        "@supabase/node-fetch": "^2.6.14"
      }
    },
    "node_modules/@supabase/realtime-js": {
      "version": "2.15.4",
      "resolved": "https://registry.npmjs.org/@supabase/realtime-js/-/realtime-js-2.15.4.tgz",
      "integrity": "sha512-e/FYIWjvQJHOCNACWehnKvg26zosju3694k0NMUNb+JGLdvHJzEa29ZVVLmawd2kvx4hdbv8mxSqfttRnH3+DA==",
      "license": "MIT",
      "dependencies": {
        "@supabase/node-fetch": "^2.6.13",
        "@types/phoenix": "^1.6.6",
        "@types/ws": "^8.18.1",
        "ws": "^8.18.2"
      }
    },
    "node_modules/@supabase/storage-js": {
      "version": "2.11.0",
      "resolved": "https://registry.npmjs.org/@supabase/storage-js/-/storage-js-2.11.0.tgz",
      "integrity": "sha512-Y+kx/wDgd4oasAgoAq0bsbQojwQ+ejIif8uczZ9qufRHWFLMU5cODT+ApHsSrDufqUcVKt+eyxtOXSkeh2v9ww==",
      "license": "MIT",
      "dependencies": {
        "@supabase/node-fetch": "^2.6.14"
      }
    },
    "node_modules/@supabase/supabase-js": {
      "version": "2.56.1",
      "resolved": "https://registry.npmjs.org/@supabase/supabase-js/-/supabase-js-2.56.1.tgz",
      "integrity": "sha512-cb/kS0d6G/qbcmUFItkqVrQbxQHWXzfRZuoiSDv/QiU6RbGNTn73XjjvmbBCZ4MMHs+5teihjhpEVluqbXISEg==",
      "license": "MIT",
      "dependencies": {
        "@supabase/auth-js": "2.71.1",
        "@supabase/functions-js": "2.4.5",
        "@supabase/node-fetch": "2.6.15",
        "@supabase/postgrest-js": "1.21.3",
        "@supabase/realtime-js": "2.15.4",
        "@supabase/storage-js": "^2.10.4"
      }
    },
    "node_modules/@szmarczak/http-timer": {
      "version": "5.0.1",
      "resolved": "https://registry.npmjs.org/@szmarczak/http-timer/-/http-timer-5.0.1.tgz",
      "integrity": "sha512-+PmQX0PiAYPMeVYe237LJAYvOMYW1j2rH5YROyS3b4CTVJum34HfRvKvAzozHAQG0TnHNdUfY9nCeUyRAs//cw==",
      "license": "MIT",
      "dependencies": {
        "defer-to-connect": "^2.0.1"
      },
      "engines": {
        "node": ">=14.16"
      }
    },
    "node_modules/@types/http-cache-semantics": {
      "version": "4.0.4",
      "resolved": "https://registry.npmjs.org/@types/http-cache-semantics/-/http-cache-semantics-4.0.4.tgz",
      "integrity": "sha512-1m0bIFVc7eJWyve9S0RnuRgcQqF/Xd5QsUZAZeQFr1Q3/p9JWoQQEqmVy+DPTNpGXwhgIetAoYF8JSc33q29QA==",
      "license": "MIT"
    },
    "node_modules/@types/node": {
      "version": "24.3.0",
      "resolved": "https://registry.npmjs.org/@types/node/-/node-24.3.0.tgz",
      "integrity": "sha512-aPTXCrfwnDLj4VvXrm+UUCQjNEvJgNA8s5F1cvwQU+3KNltTOkBm1j30uNLyqqPNe7gE3KFzImYoZEfLhp4Yow==",
      "license": "MIT",
      "dependencies": {
        "undici-types": "~7.10.0"
      }
    },
    "node_modules/@types/phoenix": {
      "version": "1.6.6",
      "resolved": "https://registry.npmjs.org/@types/phoenix/-/phoenix-1.6.6.tgz",
      "integrity": "sha512-PIzZZlEppgrpoT2QgbnDU+MMzuR6BbCjllj0bM70lWoejMeNJAxCchxnv7J3XFkI8MpygtRpzXrIlmWUBclP5A==",
      "license": "MIT"
    },
    "node_modules/@types/ws": {
      "version": "8.18.1",
      "resolved": "https://registry.npmjs.org/@types/ws/-/ws-8.18.1.tgz",
      "integrity": "sha512-ThVF6DCVhA8kUGy+aazFQ4kXQ7E1Ty7A3ypFOe0IcJV8O/M511G99AW24irKrW56Wt44yG9+ij8FaqoBGkuBXg==",
      "license": "MIT",
      "dependencies": {
        "@types/node": "*"
      }
    },
    "node_modules/cacheable-lookup": {
      "version": "7.0.0",
      "resolved": "https://registry.npmjs.org/cacheable-lookup/-/cacheable-lookup-7.0.0.tgz",
      "integrity": "sha512-+qJyx4xiKra8mZrcwhjMRMUhD5NR1R8esPkzIYxX96JiecFoxAXFuz/GpR3+ev4PE1WamHip78wV0vcmPQtp8w==",
      "license": "MIT",
      "engines": {
        "node": ">=14.16"
      }
    },
    "node_modules/cacheable-request": {
      "version": "12.0.1",
      "resolved": "https://registry.npmjs.org/cacheable-request/-/cacheable-request-12.0.1.tgz",
      "integrity": "sha512-Yo9wGIQUaAfIbk+qY0X4cDQgCosecfBe3V9NSyeY4qPC2SAkbCS4Xj79VP8WOzitpJUZKc/wsRCYF5ariDIwkg==",
      "license": "MIT",
      "dependencies": {
        "@types/http-cache-semantics": "^4.0.4",
        "get-stream": "^9.0.1",
        "http-cache-semantics": "^4.1.1",
        "keyv": "^4.5.4",
        "mimic-response": "^4.0.0",
        "normalize-url": "^8.0.1",
        "responselike": "^3.0.0"
      },
      "engines": {
        "node": ">=18"
      }
    },
    "node_modules/decompress-response": {
      "version": "6.0.0",
      "resolved": "https://registry.npmjs.org/decompress-response/-/decompress-response-6.0.0.tgz",
      "integrity": "sha512-aW35yZM6Bb/4oJlZncMH2LCoZtJXTRxES17vE3hoRiowU2kWHaJKFkSBDnDR+cm9J+9QhXmREyIfv0pji9ejCQ==",
      "license": "MIT",
      "dependencies": {
        "mimic-response": "^3.1.0"
      },
      "engines": {
        "node": ">=10"
      },
      "funding": {
        "url": "https://github.com/sponsors/sindresorhus"
      }
    },
    "node_modules/decompress-response/node_modules/mimic-response": {
      "version": "3.1.0",
      "resolved": "https://registry.npmjs.org/mimic-response/-/mimic-response-3.1.0.tgz",
      "integrity": "sha512-z0yWI+4FDrrweS8Zmt4Ej5HdJmky15+L2e6Wgn3+iK5fWzb6T3fhNFq2+MeTRb064c6Wr4N/wv0DzQTjNzHNGQ==",
      "license": "MIT",
      "engines": {
        "node": ">=10"
      },
      "funding": {
        "url": "https://github.com/sponsors/sindresorhus"
      }
    },
    "node_modules/defer-to-connect": {
      "version": "2.0.1",
      "resolved": "https://registry.npmjs.org/defer-to-connect/-/defer-to-connect-2.0.1.tgz",
      "integrity": "sha512-4tvttepXG1VaYGrRibk5EwJd1t4udunSOVMdLSAL6mId1ix438oPwPZMALY41FCijukO1L0twNcGsdzS7dHgDg==",
      "license": "MIT",
      "engines": {
        "node": ">=10"
      }
    },
    "node_modules/dotenv": {
      "version": "16.6.1",
      "resolved": "https://registry.npmjs.org/dotenv/-/dotenv-16.6.1.tgz",
      "integrity": "sha512-uBq4egWHTcTt33a72vpSG0z3HnPuIl6NqYcTrKEg2azoEyl2hpW0zqlxysq2pK9HlDIHyHyakeYaYnSAwd8bow==",
      "license": "BSD-2-Clause",
      "engines": {
        "node": ">=12"
      },
      "funding": {
        "url": "https://dotenvx.com"
      }
    },
    "node_modules/form-data-encoder": {
      "version": "4.1.0",
      "resolved": "https://registry.npmjs.org/form-data-encoder/-/form-data-encoder-4.1.0.tgz",
      "integrity": "sha512-G6NsmEW15s0Uw9XnCg+33H3ViYRyiM0hMrMhhqQOR8NFc5GhYrI+6I3u7OTw7b91J2g8rtvMBZJDbcGb2YUniw==",
      "license": "MIT",
      "engines": {
        "node": ">= 18"
      }
    },
    "node_modules/get-stream": {
      "version": "9.0.1",
      "resolved": "https://registry.npmjs.org/get-stream/-/get-stream-9.0.1.tgz",
      "integrity": "sha512-kVCxPF3vQM/N0B1PmoqVUqgHP+EeVjmZSQn+1oCRPxd2P21P2F19lIgbR3HBosbB1PUhOAoctJnfEn2GbN2eZA==",
      "license": "MIT",
      "dependencies": {
        "@sec-ant/readable-stream": "^0.4.1",
        "is-stream": "^4.0.1"
      },
      "engines": {
        "node": ">=18"
      },
      "funding": {
        "url": "https://github.com/sponsors/sindresorhus"
      }
    },
    "node_modules/got": {
      "version": "14.4.8",
      "resolved": "https://registry.npmjs.org/got/-/got-14.4.8.tgz",
      "integrity": "sha512-vxwU4HuR0BIl+zcT1LYrgBjM+IJjNElOjCzs0aPgHorQyr/V6H6Y73Sn3r3FOlUffvWD+Q5jtRuGWaXkU8Jbhg==",
      "license": "MIT",
      "dependencies": {
        "@sindresorhus/is": "^7.0.1",
        "@szmarczak/http-timer": "^5.0.1",
        "cacheable-lookup": "^7.0.0",
        "cacheable-request": "^12.0.1",
        "decompress-response": "^6.0.0",
        "form-data-encoder": "^4.0.2",
        "http2-wrapper": "^2.2.1",
        "lowercase-keys": "^3.0.0",
        "p-cancelable": "^4.0.1",
        "responselike": "^3.0.0",
        "type-fest": "^4.26.1"
      },
      "engines": {
        "node": ">=20"
      },
      "funding": {
        "url": "https://github.com/sindresorhus/got?sponsor=1"
      }
    },
    "node_modules/http-cache-semantics": {
      "version": "4.2.0",
      "resolved": "https://registry.npmjs.org/http-cache-semantics/-/http-cache-semantics-4.2.0.tgz",
      "integrity": "sha512-dTxcvPXqPvXBQpq5dUr6mEMJX4oIEFv6bwom3FDwKRDsuIjjJGANqhBuoAn9c1RQJIdAKav33ED65E2ys+87QQ==",
      "license": "BSD-2-Clause"
    },
    "node_modules/http2-wrapper": {
      "version": "2.2.1",
      "resolved": "https://registry.npmjs.org/http2-wrapper/-/http2-wrapper-2.2.1.tgz",
      "integrity": "sha512-V5nVw1PAOgfI3Lmeaj2Exmeg7fenjhRUgz1lPSezy1CuhPYbgQtbQj4jZfEAEMlaL+vupsvhjqCyjzob0yxsmQ==",
      "license": "MIT",
      "dependencies": {
        "quick-lru": "^5.1.1",
        "resolve-alpn": "^1.2.0"
      },
      "engines": {
        "node": ">=10.19.0"
      }
    },
    "node_modules/is-stream": {
      "version": "4.0.1",
      "resolved": "https://registry.npmjs.org/is-stream/-/is-stream-4.0.1.tgz",
      "integrity": "sha512-Dnz92NInDqYckGEUJv689RbRiTSEHCQ7wOVeALbkOz999YpqT46yMRIGtSNl2iCL1waAZSx40+h59NV/EwzV/A==",
      "license": "MIT",
      "engines": {
        "node": ">=18"
      },
      "funding": {
        "url": "https://github.com/sponsors/sindresorhus"
      }
    },
    "node_modules/json-buffer": {
      "version": "3.0.1",
      "resolved": "https://registry.npmjs.org/json-buffer/-/json-buffer-3.0.1.tgz",
      "integrity": "sha512-4bV5BfR2mqfQTJm+V5tPPdf+ZpuhiIvTuAB5g8kcrXOZpTT/QwwVRWBywX1ozr6lEuPdbHxwaJlm9G6mI2sfSQ==",
      "license": "MIT"
    },
    "node_modules/keyv": {
      "version": "4.5.4",
      "resolved": "https://registry.npmjs.org/keyv/-/keyv-4.5.4.tgz",
      "integrity": "sha512-oxVHkHR/EJf2CNXnWxRLW6mg7JyCCUcG0DtEGmL2ctUo1PNTin1PUil+r/+4r5MpVgC/fn1kjsx7mjSujKqIpw==",
      "license": "MIT",
      "dependencies": {
        "json-buffer": "3.0.1"
      }
    },
    "node_modules/lowercase-keys": {
      "version": "3.0.0",
      "resolved": "https://registry.npmjs.org/lowercase-keys/-/lowercase-keys-3.0.0.tgz",
      "integrity": "sha512-ozCC6gdQ+glXOQsveKD0YsDy8DSQFjDTz4zyzEHNV5+JP5D62LmfDZ6o1cycFx9ouG940M5dE8C8CTewdj2YWQ==",
      "license": "MIT",
      "engines": {
        "node": "^12.20.0 || ^14.13.1 || >=16.0.0"
      },
      "funding": {
        "url": "https://github.com/sponsors/sindresorhus"
      }
    },
    "node_modules/mimic-response": {
      "version": "4.0.0",
      "resolved": "https://registry.npmjs.org/mimic-response/-/mimic-response-4.0.0.tgz",
      "integrity": "sha512-e5ISH9xMYU0DzrT+jl8q2ze9D6eWBto+I8CNpe+VI+K2J/F/k3PdkdTdz4wvGVH4NTpo+NRYTVIuMQEMMcsLqg==",
      "license": "MIT",
      "engines": {
        "node": "^12.20.0 || ^14.13.1 || >=16.0.0"
      },
      "funding": {
        "url": "https://github.com/sponsors/sindresorhus"
      }
    },
    "node_modules/normalize-url": {
      "version": "8.0.2",
      "resolved": "https://registry.npmjs.org/normalize-url/-/normalize-url-8.0.2.tgz",
      "integrity": "sha512-Ee/R3SyN4BuynXcnTaekmaVdbDAEiNrHqjQIA37mHU8G9pf7aaAD4ZX3XjBLo6rsdcxA/gtkcNYZLt30ACgynw==",
      "license": "MIT",
      "engines": {
        "node": ">=14.16"
      },
      "funding": {
        "url": "https://github.com/sponsors/sindresorhus"
      }
    },
    "node_modules/p-cancelable": {
      "version": "4.0.1",
      "resolved": "https://registry.npmjs.org/p-cancelable/-/p-cancelable-4.0.1.tgz",
      "integrity": "sha512-wBowNApzd45EIKdO1LaU+LrMBwAcjfPaYtVzV3lmfM3gf8Z4CHZsiIqlM8TZZ8okYvh5A1cP6gTfCRQtwUpaUg==",
      "license": "MIT",
      "engines": {
        "node": ">=14.16"
      }
    },
    "node_modules/p-limit": {
      "version": "7.1.1",
      "resolved": "https://registry.npmjs.org/p-limit/-/p-limit-7.1.1.tgz",
      "integrity": "sha512-i8PyM2JnsNChVSYWLr2BAjNoLi0BAYC+wecOnZnVV+YSNJkzP7cWmvI34dk0WArWfH9KwBHNoZI3P3MppImlIA==",
      "license": "MIT",
      "dependencies": {
        "yocto-queue": "^1.2.1"
      },
      "engines": {
        "node": ">=20"
      },
      "funding": {
        "url": "https://github.com/sponsors/sindresorhus"
      }
    },
    "node_modules/quick-lru": {
      "version": "5.1.1",
      "resolved": "https://registry.npmjs.org/quick-lru/-/quick-lru-5.1.1.tgz",
      "integrity": "sha512-WuyALRjWPDGtt/wzJiadO5AXY+8hZ80hVpe6MyivgraREW751X3SbhRvG3eLKOYN+8VEvqLcf3wdnt44Z4S4SA==",
      "license": "MIT",
      "engines": {
        "node": ">=10"
      },
      "funding": {
        "url": "https://github.com/sponsors/sindresorhus"
      }
    },
    "node_modules/resend": {
      "version": "6.0.2",
      "resolved": "https://registry.npmjs.org/resend/-/resend-6.0.2.tgz",
      "integrity": "sha512-um08qWpSVvEVqAePEy/bsa7pqtnJK+qTCZ0Et7YE7xuqM46J0C9gnSbIJKR3LIcRVMgO9jUeot8rH0UI84eqMQ==",
      "license": "MIT",
      "engines": {
        "node": ">=18"
      },
      "peerDependencies": {
        "@react-email/render": "^1.1.0"
      },
      "peerDependenciesMeta": {
        "@react-email/render": {
          "optional": true
        }
      }
    },
    "node_modules/resolve-alpn": {
      "version": "1.2.1",
      "resolved": "https://registry.npmjs.org/resolve-alpn/-/resolve-alpn-1.2.1.tgz",
      "integrity": "sha512-0a1F4l73/ZFZOakJnQ3FvkJ2+gSTQWz/r2KE5OdDY0TxPm5h4GkqkWWfM47T7HsbnOtcJVEF4epCVy6u7Q3K+g==",
      "license": "MIT"
    },
    "node_modules/responselike": {
      "version": "3.0.0",
      "resolved": "https://registry.npmjs.org/responselike/-/responselike-3.0.0.tgz",
      "integrity": "sha512-40yHxbNcl2+rzXvZuVkrYohathsSJlMTXKryG5y8uciHv1+xDLHQpgjG64JUO9nrEq2jGLH6IZ8BcZyw3wrweg==",
      "license": "MIT",
      "dependencies": {
        "lowercase-keys": "^3.0.0"
      },
      "engines": {
        "node": ">=14.16"
      },
      "funding": {
        "url": "https://github.com/sponsors/sindresorhus"
      }
    },
    "node_modules/slugify": {
      "version": "1.6.6",
      "resolved": "https://registry.npmjs.org/slugify/-/slugify-1.6.6.tgz",
      "integrity": "sha512-h+z7HKHYXj6wJU+AnS/+IH8Uh9fdcX1Lrhg1/VMdf9PwoBQXFcXiAdsy2tSK0P6gKwJLXp02r90ahUCqHk9rrw==",
      "license": "MIT",
      "engines": {
        "node": ">=8.0.0"
      }
    },
    "node_modules/tr46": {
      "version": "0.0.3",
      "resolved": "https://registry.npmjs.org/tr46/-/tr46-0.0.3.tgz",
      "integrity": "sha512-N3WMsuqV66lT30CrXNbEjx4GEwlow3v6rr4mCcv6prnfwhS01rkgyFdjPNBYd9br7LpXV1+Emh01fHnq2Gdgrw==",
      "license": "MIT"
    },
    "node_modules/type-fest": {
      "version": "4.41.0",
      "resolved": "https://registry.npmjs.org/type-fest/-/type-fest-4.41.0.tgz",
      "integrity": "sha512-TeTSQ6H5YHvpqVwBRcnLDCBnDOHWYu7IvGbHT6N8AOymcr9PJGjc1GTtiWZTYg0NCgYwvnYWEkVChQAr9bjfwA==",
      "license": "(MIT OR CC0-1.0)",
      "engines": {
        "node": ">=16"
      },
      "funding": {
        "url": "https://github.com/sponsors/sindresorhus"
      }
    },
    "node_modules/undici-types": {
      "version": "7.10.0",
      "resolved": "https://registry.npmjs.org/undici-types/-/undici-types-7.10.0.tgz",
      "integrity": "sha512-t5Fy/nfn+14LuOc2KNYg75vZqClpAiqscVvMygNnlsHBFpSXdJaYtXMcdNLpl/Qvc3P2cB3s6lOV51nqsFq4ag==",
      "license": "MIT"
    },
    "node_modules/webidl-conversions": {
      "version": "3.0.1",
      "resolved": "https://registry.npmjs.org/webidl-conversions/-/webidl-conversions-3.0.1.tgz",
      "integrity": "sha512-2JAn3z8AR6rjK8Sm8orRC0h/bcl/DqL7tRPdGZ4I1CjdF+EaMLmYxBHyXuKL849eucPFhvBoxMsflfOb8kxaeQ==",
      "license": "BSD-2-Clause"
    },
    "node_modules/whatwg-url": {
      "version": "5.0.0",
      "resolved": "https://registry.npmjs.org/whatwg-url/-/whatwg-url-5.0.0.tgz",
      "integrity": "sha512-saE57nupxk6v3HY35+jzBwYa0rKSy0XR8JSxZPwgLr7ys0IBzhGviA1/TUGJLmSVqs8pb9AnvICXEuOHLprYTw==",
      "license": "MIT",
      "dependencies": {
        "tr46": "~0.0.3",
        "webidl-conversions": "^3.0.0"
      }
    },
    "node_modules/ws": {
      "version": "8.18.3",
      "resolved": "https://registry.npmjs.org/ws/-/ws-8.18.3.tgz",
      "integrity": "sha512-PEIGCY5tSlUt50cqyMXfCzX+oOPqN0vuGqWzbcJ2xvnkzkq46oOpz7dQaTDBdfICb4N14+GARUDw2XV2N4tvzg==",
      "license": "MIT",
      "engines": {
        "node": ">=10.0.0"
      },
      "peerDependencies": {
        "bufferutil": "^4.0.1",
        "utf-8-validate": ">=5.0.2"
      },
      "peerDependenciesMeta": {
        "bufferutil": {
          "optional": true
        },
        "utf-8-validate": {
          "optional": true
        }
      }
    },
    "node_modules/yocto-queue": {
      "version": "1.2.1",
      "resolved": "https://registry.npmjs.org/yocto-queue/-/yocto-queue-1.2.1.tgz",
      "integrity": "sha512-AyeEbWOu/TAXdxlV9wmGcR0+yh2j3vYPGOECcIj2S7MkrLyC7ne+oye2BKTItt0ii2PHk4cDy+95+LshzbXnGg==",
      "license": "MIT",
      "engines": {
        "node": ">=12.20"
      },
      "funding": {
        "url": "https://github.com/sponsors/sindresorhus"
      }
    }
  }
}
